
Microsoft Visual Studio Solution File, Format Version 12.00
# Visual Studio Version 17
VisualStudioVersion = 17.2.32630.192
MinimumVisualStudioVersion = 10.0.40219.1
Project("{FAE04EC0-301F-11D3-BF4B-00C04F79EFBC}") = "visual-programming-final", "visual-programming-final.csproj", "{3FEA5986-C488-4BF0-9A06-5C881A75C713}"
EndProject
Global
	GlobalSection(SolutionConfigurationPlatforms) = preSolution
		Debug|Any CPU = Debug|Any CPU
		Release|Any CPU = Release|Any CPU
	EndGlobalSection
	GlobalSection(ProjectConfigurationPlatforms) = postSolution
		{3FEA5986-C488-4BF0-9A06-5C881A75C713}.Debug|Any CPU.ActiveCfg = Debug|Any CPU
		{3FEA5986-C488-4BF0-9A06-5C881A75C713}.Debug|Any CPU.Build.0 = Debug|Any CPU
		{3FEA5986-C488-4BF0-9A06-5C881A75C713}.Release|Any CPU.ActiveCfg = Release|Any CPU
		{3FEA5986-C488-4BF0-9A06-5C881A75C713}.Release|Any CPU.Build.0 = Release|Any CPU
	EndGlobalSection
	GlobalSection(SolutionProperties) = preSolution
		HideSolutionNode = FALSE
	EndGlobalSection
	GlobalSection(ExtensibilityGlobals) = postSolution
		SolutionGuid = {6E4AD345-5642-4E79-AA3D-391C1E461C5F}
	EndGlobalSection
EndGlobal
